
Microsoft Visual Studio Solution File, Format Version 12.00
# Visual Studio Version 17
VisualStudioVersion = 17.14.36202.13 d17.14
MinimumVisualStudioVersion = 10.0.40219.1
Project("{54A90642-561A-4BB1-A94E-469ADEE60C69}") = "portfolio-app.client", "portfolio-app.client\portfolio-app.client.esproj", "{49762536-AD0F-709F-6F6B-527DFFD2556C}"
EndProject
Project("{FAE04EC0-301F-11D3-BF4B-00C04F79EFBC}") = "portfolio-app.Server", "portfolio-app.Server\portfolio-app.Server.csproj", "{69346944-3E60-4C65-BBE1-B5A930632E86}"
EndProject
Global
	GlobalSection(SolutionConfigurationPlatforms) = preSolution
		Debug|Any CPU = Debug|Any CPU
		Release|Any CPU = Release|Any CPU
	EndGlobalSection
	GlobalSection(ProjectConfigurationPlatforms) = postSolution
		{49762536-AD0F-709F-6F6B-527DFFD2556C}.Debug|Any CPU.ActiveCfg = Debug|Any CPU
		{49762536-AD0F-709F-6F6B-527DFFD2556C}.Debug|Any CPU.Build.0 = Debug|Any CPU
		{49762536-AD0F-709F-6F6B-527DFFD2556C}.Debug|Any CPU.Deploy.0 = Debug|Any CPU
		{49762536-AD0F-709F-6F6B-527DFFD2556C}.Release|Any CPU.ActiveCfg = Release|Any CPU
		{49762536-AD0F-709F-6F6B-527DFFD2556C}.Release|Any CPU.Build.0 = Release|Any CPU
		{49762536-AD0F-709F-6F6B-527DFFD2556C}.Release|Any CPU.Deploy.0 = Release|Any CPU
		{69346944-3E60-4C65-BBE1-B5A930632E86}.Debug|Any CPU.ActiveCfg = Debug|Any CPU
		{69346944-3E60-4C65-BBE1-B5A930632E86}.Debug|Any CPU.Build.0 = Debug|Any CPU
		{69346944-3E60-4C65-BBE1-B5A930632E86}.Release|Any CPU.ActiveCfg = Release|Any CPU
		{69346944-3E60-4C65-BBE1-B5A930632E86}.Release|Any CPU.Build.0 = Release|Any CPU
	EndGlobalSection
	GlobalSection(SolutionProperties) = preSolution
		HideSolutionNode = FALSE
	EndGlobalSection
	GlobalSection(ExtensibilityGlobals) = postSolution
		SolutionGuid = {50CFA573-50E8-466C-9FD4-ECE5233A0075}
	EndGlobalSection
EndGlobal
